
Microsoft Visual Studio Solution File, Format Version 12.00
# Visual Studio Version 16
VisualStudioVersion = 16.0.29409.12
MinimumVisualStudioVersion = 10.0.40219.1
Project("{2150E333-8FDC-42A3-9474-1A3956D46DE8}") = "src", "src", "{E1B82CDB-F5EE-47CA-B21C-597AAF5D37CB}"
EndProject
Project("{2150E333-8FDC-42A3-9474-1A3956D46DE8}") = "Building Blocks", "Building Blocks", "{531FDD5A-66CC-4D67-B9B8-7E96593B8172}"
EndProject
Project("{2150E333-8FDC-42A3-9474-1A3956D46DE8}") = "Services", "Services", "{586B47FA-BFC8-40AB-B6BD-711ACA2201B6}"
EndProject
Project("{2150E333-8FDC-42A3-9474-1A3956D46DE8}") = "Web", "Web", "{C98B5726-618C-4F1C-8D2A-D3885CCB54D9}"
EndProject
Project("{2150E333-8FDC-42A3-9474-1A3956D46DE8}") = "Core", "Core", "{543A3BE5-FC6F-4532-A430-7D992E7DA2B6}"
EndProject
Project("{2150E333-8FDC-42A3-9474-1A3956D46DE8}") = "Carrinho", "Carrinho", "{B06D90A0-E77B-445E-872E-C10CC6005AFE}"
EndProject
Project("{2150E333-8FDC-42A3-9474-1A3956D46DE8}") = "Catalogo", "Catalogo", "{96AC8095-8510-486D-9199-81D2D8F7E765}"
EndProject
Project("{2150E333-8FDC-42A3-9474-1A3956D46DE8}") = "Cliente", "Cliente", "{B5541486-9157-47AB-9260-77416D577149}"
EndProject
Project("{2150E333-8FDC-42A3-9474-1A3956D46DE8}") = "Identidade", "Identidade", "{826D366F-74FF-4D7B-8AD7-D24EC0AE9718}"
EndProject
Project("{2150E333-8FDC-42A3-9474-1A3956D46DE8}") = "Pagamento", "Pagamento", "{46F6D524-5D90-42E0-A42E-CEB285B003AC}"
EndProject
Project("{2150E333-8FDC-42A3-9474-1A3956D46DE8}") = "Pedido", "Pedido", "{9EFB7958-14EF-4F38-9D85-C15B0E61E1E2}"
EndProject
Project("{2150E333-8FDC-42A3-9474-1A3956D46DE8}") = "MVC", "MVC", "{3D5DFA5F-E622-4142-9C44-8AFFECD59847}"
EndProject
Project("{FAE04EC0-301F-11D3-BF4B-00C04F79EFBC}") = "SE.WebApp.MVC", "src\Web\SE.WebApp.MVC\SE.WebApp.MVC.csproj", "{EE65713F-85C2-43E0-B5B3-7D587926D75B}"
EndProject
Project("{FAE04EC0-301F-11D3-BF4B-00C04F79EFBC}") = "SE.Carrinho.API", "src\Services\SE.Carrinho.API\SE.Carrinho.API.csproj", "{38DEC49F-5C40-4034-97C5-E537169CAA95}"
EndProject
Project("{FAE04EC0-301F-11D3-BF4B-00C04F79EFBC}") = "SE.Catalogo.API", "src\Services\SE.Catalogo.API\SE.Catalogo.API.csproj", "{376EB048-0B98-4B12-A88C-D3EC30AA5066}"
EndProject
Project("{FAE04EC0-301F-11D3-BF4B-00C04F79EFBC}") = "SE.Cliente.API", "src\Services\SE.Cliente.API\SE.Cliente.API.csproj", "{12C1B277-BB23-496B-94FD-769D2AA01875}"
EndProject
Project("{FAE04EC0-301F-11D3-BF4B-00C04F79EFBC}") = "SE.Identidade.API", "src\Services\SE.Identidade.API\SE.Identidade.API.csproj", "{44211FB5-28F1-4B45-9DCB-FAAB76E75D85}"
EndProject
Project("{FAE04EC0-301F-11D3-BF4B-00C04F79EFBC}") = "SE.Pagamento.API", "src\Services\SE.Pagamento.API\SE.Pagamento.API.csproj", "{881ACA73-19EC-4684-936A-DBF8E94CC08D}"
EndProject
Project("{FAE04EC0-301F-11D3-BF4B-00C04F79EFBC}") = "SE.Pedido.API", "src\Services\SE.Pedido.API\SE.Pedido.API.csproj", "{A0BB3745-407E-45EB-89E5-EC28F04C7E2B}"
EndProject
Project("{E53339B2-1760-4266-BCC7-CA923CBCF16C}") = "docker-compose", "docker-compose.dcproj", "{5BB67B98-63AC-4BB5-AD58-7B8B5E45C788}"
EndProject
Project("{FAE04EC0-301F-11D3-BF4B-00C04F79EFBC}") = "SE.Core", "src\Building Blocks\SE.Core\SE.Core.csproj", "{81860D17-0C22-44AD-9AD6-02F26024AA92}"
EndProject
Global
	GlobalSection(SolutionConfigurationPlatforms) = preSolution
		Debug|Any CPU = Debug|Any CPU
		Release|Any CPU = Release|Any CPU
	EndGlobalSection
	GlobalSection(ProjectConfigurationPlatforms) = postSolution
		{EE65713F-85C2-43E0-B5B3-7D587926D75B}.Debug|Any CPU.ActiveCfg = Debug|Any CPU
		{EE65713F-85C2-43E0-B5B3-7D587926D75B}.Debug|Any CPU.Build.0 = Debug|Any CPU
		{EE65713F-85C2-43E0-B5B3-7D587926D75B}.Release|Any CPU.ActiveCfg = Release|Any CPU
		{EE65713F-85C2-43E0-B5B3-7D587926D75B}.Release|Any CPU.Build.0 = Release|Any CPU
		{38DEC49F-5C40-4034-97C5-E537169CAA95}.Debug|Any CPU.ActiveCfg = Debug|Any CPU
		{38DEC49F-5C40-4034-97C5-E537169CAA95}.Debug|Any CPU.Build.0 = Debug|Any CPU
		{38DEC49F-5C40-4034-97C5-E537169CAA95}.Release|Any CPU.ActiveCfg = Release|Any CPU
		{38DEC49F-5C40-4034-97C5-E537169CAA95}.Release|Any CPU.Build.0 = Release|Any CPU
		{376EB048-0B98-4B12-A88C-D3EC30AA5066}.Debug|Any CPU.ActiveCfg = Debug|Any CPU
		{376EB048-0B98-4B12-A88C-D3EC30AA5066}.Debug|Any CPU.Build.0 = Debug|Any CPU
		{376EB048-0B98-4B12-A88C-D3EC30AA5066}.Release|Any CPU.ActiveCfg = Release|Any CPU
		{376EB048-0B98-4B12-A88C-D3EC30AA5066}.Release|Any CPU.Build.0 = Release|Any CPU
		{12C1B277-BB23-496B-94FD-769D2AA01875}.Debug|Any CPU.ActiveCfg = Debug|Any CPU
		{12C1B277-BB23-496B-94FD-769D2AA01875}.Debug|Any CPU.Build.0 = Debug|Any CPU
		{12C1B277-BB23-496B-94FD-769D2AA01875}.Release|Any CPU.ActiveCfg = Release|Any CPU
		{12C1B277-BB23-496B-94FD-769D2AA01875}.Release|Any CPU.Build.0 = Release|Any CPU
		{44211FB5-28F1-4B45-9DCB-FAAB76E75D85}.Debug|Any CPU.ActiveCfg = Debug|Any CPU
		{44211FB5-28F1-4B45-9DCB-FAAB76E75D85}.Debug|Any CPU.Build.0 = Debug|Any CPU
		{44211FB5-28F1-4B45-9DCB-FAAB76E75D85}.Release|Any CPU.ActiveCfg = Release|Any CPU
		{44211FB5-28F1-4B45-9DCB-FAAB76E75D85}.Release|Any CPU.Build.0 = Release|Any CPU
		{881ACA73-19EC-4684-936A-DBF8E94CC08D}.Debug|Any CPU.ActiveCfg = Debug|Any CPU
		{881ACA73-19EC-4684-936A-DBF8E94CC08D}.Debug|Any CPU.Build.0 = Debug|Any CPU
		{881ACA73-19EC-4684-936A-DBF8E94CC08D}.Release|Any CPU.ActiveCfg = Release|Any CPU
		{881ACA73-19EC-4684-936A-DBF8E94CC08D}.Release|Any CPU.Build.0 = Release|Any CPU
		{A0BB3745-407E-45EB-89E5-EC28F04C7E2B}.Debug|Any CPU.ActiveCfg = Debug|Any CPU
		{A0BB3745-407E-45EB-89E5-EC28F04C7E2B}.Debug|Any CPU.Build.0 = Debug|Any CPU
		{A0BB3745-407E-45EB-89E5-EC28F04C7E2B}.Release|Any CPU.ActiveCfg = Release|Any CPU
		{A0BB3745-407E-45EB-89E5-EC28F04C7E2B}.Release|Any CPU.Build.0 = Release|Any CPU
		{5BB67B98-63AC-4BB5-AD58-7B8B5E45C788}.Debug|Any CPU.ActiveCfg = Debug|Any CPU
		{5BB67B98-63AC-4BB5-AD58-7B8B5E45C788}.Debug|Any CPU.Build.0 = Debug|Any CPU
		{5BB67B98-63AC-4BB5-AD58-7B8B5E45C788}.Release|Any CPU.ActiveCfg = Release|Any CPU
		{5BB67B98-63AC-4BB5-AD58-7B8B5E45C788}.Release|Any CPU.Build.0 = Release|Any CPU
		{81860D17-0C22-44AD-9AD6-02F26024AA92}.Debug|Any CPU.ActiveCfg = Debug|Any CPU
		{81860D17-0C22-44AD-9AD6-02F26024AA92}.Debug|Any CPU.Build.0 = Debug|Any CPU
		{81860D17-0C22-44AD-9AD6-02F26024AA92}.Release|Any CPU.ActiveCfg = Release|Any CPU
		{81860D17-0C22-44AD-9AD6-02F26024AA92}.Release|Any CPU.Build.0 = Release|Any CPU
	EndGlobalSection
	GlobalSection(SolutionProperties) = preSolution
		HideSolutionNode = FALSE
	EndGlobalSection
	GlobalSection(NestedProjects) = preSolution
		{531FDD5A-66CC-4D67-B9B8-7E96593B8172} = {E1B82CDB-F5EE-47CA-B21C-597AAF5D37CB}
		{586B47FA-BFC8-40AB-B6BD-711ACA2201B6} = {E1B82CDB-F5EE-47CA-B21C-597AAF5D37CB}
		{C98B5726-618C-4F1C-8D2A-D3885CCB54D9} = {E1B82CDB-F5EE-47CA-B21C-597AAF5D37CB}
		{543A3BE5-FC6F-4532-A430-7D992E7DA2B6} = {531FDD5A-66CC-4D67-B9B8-7E96593B8172}
		{B06D90A0-E77B-445E-872E-C10CC6005AFE} = {586B47FA-BFC8-40AB-B6BD-711ACA2201B6}
		{96AC8095-8510-486D-9199-81D2D8F7E765} = {586B47FA-BFC8-40AB-B6BD-711ACA2201B6}
		{B5541486-9157-47AB-9260-77416D577149} = {586B47FA-BFC8-40AB-B6BD-711ACA2201B6}
		{826D366F-74FF-4D7B-8AD7-D24EC0AE9718} = {586B47FA-BFC8-40AB-B6BD-711ACA2201B6}
		{46F6D524-5D90-42E0-A42E-CEB285B003AC} = {586B47FA-BFC8-40AB-B6BD-711ACA2201B6}
		{9EFB7958-14EF-4F38-9D85-C15B0E61E1E2} = {586B47FA-BFC8-40AB-B6BD-711ACA2201B6}
		{3D5DFA5F-E622-4142-9C44-8AFFECD59847} = {C98B5726-618C-4F1C-8D2A-D3885CCB54D9}
		{EE65713F-85C2-43E0-B5B3-7D587926D75B} = {3D5DFA5F-E622-4142-9C44-8AFFECD59847}
		{38DEC49F-5C40-4034-97C5-E537169CAA95} = {B06D90A0-E77B-445E-872E-C10CC6005AFE}
		{376EB048-0B98-4B12-A88C-D3EC30AA5066} = {96AC8095-8510-486D-9199-81D2D8F7E765}
		{12C1B277-BB23-496B-94FD-769D2AA01875} = {B5541486-9157-47AB-9260-77416D577149}
		{44211FB5-28F1-4B45-9DCB-FAAB76E75D85} = {826D366F-74FF-4D7B-8AD7-D24EC0AE9718}
		{881ACA73-19EC-4684-936A-DBF8E94CC08D} = {46F6D524-5D90-42E0-A42E-CEB285B003AC}
		{A0BB3745-407E-45EB-89E5-EC28F04C7E2B} = {9EFB7958-14EF-4F38-9D85-C15B0E61E1E2}
		{81860D17-0C22-44AD-9AD6-02F26024AA92} = {543A3BE5-FC6F-4532-A430-7D992E7DA2B6}
	EndGlobalSection
	GlobalSection(ExtensibilityGlobals) = postSolution
		SolutionGuid = {B8FFD4FD-61F9-415A-8D91-02BBC9C3DF8E}
	EndGlobalSection
EndGlobal
